
Microsoft Visual Studio Solution File, Format Version 11.00
# Visual Studio 2010
Project("{FAE04EC0-301F-11D3-BF4B-00C04F79EFBC}") = "Unity.LEGO.Game", "Unity.LEGO.Game.csproj", "{907c1c74-c71f-528b-7772-16d3a8623e96}"
EndProject
Project("{FAE04EC0-301F-11D3-BF4B-00C04F79EFBC}") = "Unity.LEGO.Behaviours", "Unity.LEGO.Behaviours.csproj", "{0dba183b-7a3a-707e-e2a1-776f2e6f3bee}"
EndProject
Project("{FAE04EC0-301F-11D3-BF4B-00C04F79EFBC}") = "Unity.LEGO.Utilities", "Unity.LEGO.Utilities.csproj", "{a8fce39c-093c-0fd8-260f-c8c2cf0b3801}"
EndProject
Project("{FAE04EC0-301F-11D3-BF4B-00C04F79EFBC}") = "Unity.LEGO.UI", "Unity.LEGO.UI.csproj", "{631b7774-0d69-db2f-cf07-16406a393638}"
EndProject
Project("{FAE04EC0-301F-11D3-BF4B-00C04F79EFBC}") = "Unity.LEGO.Minifig", "Unity.LEGO.Minifig.csproj", "{03a2306b-d618-8916-1b0d-f832f90dfcfd}"
EndProject
Project("{FAE04EC0-301F-11D3-BF4B-00C04F79EFBC}") = "Unity.LEGO.Gameplay", "Unity.LEGO.Gameplay.csproj", "{36e64aa0-e8d7-1efe-3f5f-bb9031526e00}"
EndProject
Project("{FAE04EC0-301F-11D3-BF4B-00C04F79EFBC}") = "Unity.LEGO.Editor", "Unity.LEGO.Editor.csproj", "{cefbaa21-89a4-194d-5ad5-f56df7ea8742}"
EndProject
Project("{FAE04EC0-301F-11D3-BF4B-00C04F79EFBC}") = "Unity.LEGO.Tutorials", "Unity.LEGO.Tutorials.csproj", "{6338991f-8ad2-6769-df8d-f9dc81112847}"
EndProject
Global
	GlobalSection(SolutionConfigurationPlatforms) = preSolution
		Debug|Any CPU = Debug|Any CPU
	EndGlobalSection
	GlobalSection(ProjectConfigurationPlatforms) = postSolution
		{907c1c74-c71f-528b-7772-16d3a8623e96}.Debug|Any CPU.ActiveCfg = Debug|Any CPU
		{907c1c74-c71f-528b-7772-16d3a8623e96}.Debug|Any CPU.Build.0 = Debug|Any CPU
		{0dba183b-7a3a-707e-e2a1-776f2e6f3bee}.Debug|Any CPU.ActiveCfg = Debug|Any CPU
		{0dba183b-7a3a-707e-e2a1-776f2e6f3bee}.Debug|Any CPU.Build.0 = Debug|Any CPU
		{a8fce39c-093c-0fd8-260f-c8c2cf0b3801}.Debug|Any CPU.ActiveCfg = Debug|Any CPU
		{a8fce39c-093c-0fd8-260f-c8c2cf0b3801}.Debug|Any CPU.Build.0 = Debug|Any CPU
		{631b7774-0d69-db2f-cf07-16406a393638}.Debug|Any CPU.ActiveCfg = Debug|Any CPU
		{631b7774-0d69-db2f-cf07-16406a393638}.Debug|Any CPU.Build.0 = Debug|Any CPU
		{03a2306b-d618-8916-1b0d-f832f90dfcfd}.Debug|Any CPU.ActiveCfg = Debug|Any CPU
		{03a2306b-d618-8916-1b0d-f832f90dfcfd}.Debug|Any CPU.Build.0 = Debug|Any CPU
		{36e64aa0-e8d7-1efe-3f5f-bb9031526e00}.Debug|Any CPU.ActiveCfg = Debug|Any CPU
		{36e64aa0-e8d7-1efe-3f5f-bb9031526e00}.Debug|Any CPU.Build.0 = Debug|Any CPU
		{cefbaa21-89a4-194d-5ad5-f56df7ea8742}.Debug|Any CPU.ActiveCfg = Debug|Any CPU
		{cefbaa21-89a4-194d-5ad5-f56df7ea8742}.Debug|Any CPU.Build.0 = Debug|Any CPU
		{6338991f-8ad2-6769-df8d-f9dc81112847}.Debug|Any CPU.ActiveCfg = Debug|Any CPU
		{6338991f-8ad2-6769-df8d-f9dc81112847}.Debug|Any CPU.Build.0 = Debug|Any CPU
	EndGlobalSection
	GlobalSection(SolutionProperties) = preSolution
		HideSolutionNode = FALSE
	EndGlobalSection
EndGlobal
